// !$*UTF8*$!
{
	archiveVersion = 1;
	classes = {
	};
	objectVersion = 55;
	objects = {

/* Begin PBXBuildFile section */
		1161347128ACFB8600331AA7 /* CreateScreen.swift in Sources */ = {isa = PBXBuildFile; fileRef = 1161347028ACFB8600331AA7 /* CreateScreen.swift */; };
		11D23DB628AB670B008E8649 /* SiftuiMVVMApp.swift in Sources */ = {isa = PBXBuildFile; fileRef = 11D23DB528AB670B008E8649 /* SiftuiMVVMApp.swift */; };
		11D23DB828AB670B008E8649 /* ContentView.swift in Sources */ = {isa = PBXBuildFile; fileRef = 11D23DB728AB670B008E8649 /* ContentView.swift */; };
		11D23DBA28AB670D008E8649 /* Assets.xcassets in Resources */ = {isa = PBXBuildFile; fileRef = 11D23DB928AB670D008E8649 /* Assets.xcassets */; };
		11D23DBD28AB670D008E8649 /* Preview Assets.xcassets in Resources */ = {isa = PBXBuildFile; fileRef = 11D23DBC28AB670D008E8649 /* Preview Assets.xcassets */; };
		11D23DC728AB6786008E8649 /* HomeScreen.swift in Sources */ = {isa = PBXBuildFile; fileRef = 11D23DC628AB6786008E8649 /* HomeScreen.swift */; };
		11D23DCE28AB67C0008E8649 /* EditScreen.swift in Sources */ = {isa = PBXBuildFile; fileRef = 11D23DCD28AB67C0008E8649 /* EditScreen.swift */; };
		11D23DD028AB67E1008E8649 /* HomeViewModel.swift in Sources */ = {isa = PBXBuildFile; fileRef = 11D23DCF28AB67E1008E8649 /* HomeViewModel.swift */; };
		11D23DD228AB67EE008E8649 /* CreateViewModel.swift in Sources */ = {isa = PBXBuildFile; fileRef = 11D23DD128AB67EE008E8649 /* CreateViewModel.swift */; };
		11D23DD428AB67FF008E8649 /* EditViewModel.swift in Sources */ = {isa = PBXBuildFile; fileRef = 11D23DD328AB67FF008E8649 /* EditViewModel.swift */; };
		11D23DD628AB681B008E8649 /* Post.swift in Sources */ = {isa = PBXBuildFile; fileRef = 11D23DD528AB681B008E8649 /* Post.swift */; };
		11D23DD828AB6828008E8649 /* AFHttp.swift in Sources */ = {isa = PBXBuildFile; fileRef = 11D23DD728AB6828008E8649 /* AFHttp.swift */; };
		11D23DDB28ACB883008E8649 /* PostCell.swift in Sources */ = {isa = PBXBuildFile; fileRef = 11D23DDA28ACB883008E8649 /* PostCell.swift */; };
		8C80F9E78A891304DC72EFFC /* Pods_SiftuiMVVM.framework in Frameworks */ = {isa = PBXBuildFile; fileRef = 8F1DF1DD360CF2A285FB13AF /* Pods_SiftuiMVVM.framework */; };
/* End PBXBuildFile section */

/* Begin PBXFileReference section */
		1161347028ACFB8600331AA7 /* CreateScreen.swift */ = {isa = PBXFileReference; lastKnownFileType = sourcecode.swift; path = CreateScreen.swift; sourceTree = "<group>"; };
		11D23DB228AB670B008E8649 /* SiftuiMVVM.app */ = {isa = PBXFileReference; explicitFileType = wrapper.application; includeInIndex = 0; path = SiftuiMVVM.app; sourceTree = BUILT_PRODUCTS_DIR; };
		11D23DB528AB670B008E8649 /* SiftuiMVVMApp.swift */ = {isa = PBXFileReference; lastKnownFileType = sourcecode.swift; path = SiftuiMVVMApp.swift; sourceTree = "<group>"; };
		11D23DB728AB670B008E8649 /* ContentView.swift */ = {isa = PBXFileReference; lastKnownFileType = sourcecode.swift; path = ContentView.swift; sourceTree = "<group>"; };
		11D23DB928AB670D008E8649 /* Assets.xcassets */ = {isa = PBXFileReference; lastKnownFileType = folder.assetcatalog; path = Assets.xcassets; sourceTree = "<group>"; };
		11D23DBC28AB670D008E8649 /* Preview Assets.xcassets */ = {isa = PBXFileReference; lastKnownFileType = folder.assetcatalog; path = "Preview Assets.xcassets"; sourceTree = "<group>"; };
		11D23DC628AB6786008E8649 /* HomeScreen.swift */ = {isa = PBXFileReference; lastKnownFileType = sourcecode.swift; path = HomeScreen.swift; sourceTree = "<group>"; };
		11D23DCD28AB67C0008E8649 /* EditScreen.swift */ = {isa = PBXFileReference; lastKnownFileType = sourcecode.swift; path = EditScreen.swift; sourceTree = "<group>"; };
		11D23DCF28AB67E1008E8649 /* HomeViewModel.swift */ = {isa = PBXFileReference; lastKnownFileType = sourcecode.swift; path = HomeViewModel.swift; sourceTree = "<group>"; };
		11D23DD128AB67EE008E8649 /* CreateViewModel.swift */ = {isa = PBXFileReference; lastKnownFileType = sourcecode.swift; path = CreateViewModel.swift; sourceTree = "<group>"; };
		11D23DD328AB67FF008E8649 /* EditViewModel.swift */ = {isa = PBXFileReference; lastKnownFileType = sourcecode.swift; path = EditViewModel.swift; sourceTree = "<group>"; };
		11D23DD528AB681B008E8649 /* Post.swift */ = {isa = PBXFileReference; lastKnownFileType = sourcecode.swift; path = Post.swift; sourceTree = "<group>"; };
		11D23DD728AB6828008E8649 /* AFHttp.swift */ = {isa = PBXFileReference; lastKnownFileType = sourcecode.swift; path = AFHttp.swift; sourceTree = "<group>"; };
		11D23DDA28ACB883008E8649 /* PostCell.swift */ = {isa = PBXFileReference; lastKnownFileType = sourcecode.swift; path = PostCell.swift; sourceTree = "<group>"; };
		88ADB3F7046EE5BBE446326D /* Pods-SiftuiMVVM.release.xcconfig */ = {isa = PBXFileReference; includeInIndex = 1; lastKnownFileType = text.xcconfig; name = "Pods-SiftuiMVVM.release.xcconfig"; path = "Target Support Files/Pods-SiftuiMVVM/Pods-SiftuiMVVM.release.xcconfig"; sourceTree = "<group>"; };
		8F1DF1DD360CF2A285FB13AF /* Pods_SiftuiMVVM.framework */ = {isa = PBXFileReference; explicitFileType = wrapper.framework; includeInIndex = 0; path = Pods_SiftuiMVVM.framework; sourceTree = BUILT_PRODUCTS_DIR; };
		C1F0B0E0B2BDC6F3DED99F02 /* Pods-SiftuiMVVM.debug.xcconfig */ = {isa = PBXFileReference; includeInIndex = 1; lastKnownFileType = text.xcconfig; name = "Pods-SiftuiMVVM.debug.xcconfig"; path = "Target Support Files/Pods-SiftuiMVVM/Pods-SiftuiMVVM.debug.xcconfig"; sourceTree = "<group>"; };
/* End PBXFileReference section */

/* Begin PBXFrameworksBuildPhase section */
		11D23DAF28AB670B008E8649 /* Frameworks */ = {
			isa = PBXFrameworksBuildPhase;
			buildActionMask = 2147483647;
			files = (
				8C80F9E78A891304DC72EFFC /* Pods_SiftuiMVVM.framework in Frameworks */,
			);
			runOnlyForDeploymentPostprocessing = 0;
		};
/* End PBXFrameworksBuildPhase section */

/* Begin PBXGroup section */
		0D86AE7CC7912E19A56E51ED /* Pods */ = {
			isa = PBXGroup;
			children = (
				C1F0B0E0B2BDC6F3DED99F02 /* Pods-SiftuiMVVM.debug.xcconfig */,
				88ADB3F7046EE5BBE446326D /* Pods-SiftuiMVVM.release.xcconfig */,
			);
			path = Pods;
			sourceTree = "<group>";
		};
		11D23DA928AB670B008E8649 = {
			isa = PBXGroup;
			children = (
				11D23DB428AB670B008E8649 /* SiftuiMVVM */,
				11D23DB328AB670B008E8649 /* Products */,
				0D86AE7CC7912E19A56E51ED /* Pods */,
				1D80648FBE2BCC01CDFE61F8 /* Frameworks */,
			);
			sourceTree = "<group>";
		};
		11D23DB328AB670B008E8649 /* Products */ = {
			isa = PBXGroup;
			children = (
				11D23DB228AB670B008E8649 /* SiftuiMVVM.app */,
			);
			name = Products;
			sourceTree = "<group>";
		};
		11D23DB428AB670B008E8649 /* SiftuiMVVM */ = {
			isa = PBXGroup;
			children = (
				11D23DD928ACB878008E8649 /* cell */,
				11D23DC528AB676B008E8649 /* screens */,
				11D23DC428AB675E008E8649 /* network */,
				11D23DC328AB674D008E8649 /* model */,
				11D23DB528AB670B008E8649 /* SiftuiMVVMApp.swift */,
				11D23DB728AB670B008E8649 /* ContentView.swift */,
				11D23DB928AB670D008E8649 /* Assets.xcassets */,
				11D23DBB28AB670D008E8649 /* Preview Content */,
			);
			path = SiftuiMVVM;
			sourceTree = "<group>";
		};
		11D23DBB28AB670D008E8649 /* Preview Content */ = {
			isa = PBXGroup;
			children = (
				11D23DBC28AB670D008E8649 /* Preview Assets.xcassets */,
			);
			path = "Preview Content";
			sourceTree = "<group>";
		};
		11D23DC328AB674D008E8649 /* model */ = {
			isa = PBXGroup;
			children = (
				11D23DD528AB681B008E8649 /* Post.swift */,
			);
			path = model;
			sourceTree = "<group>";
		};
		11D23DC428AB675E008E8649 /* network */ = {
			isa = PBXGroup;
			children = (
				11D23DD728AB6828008E8649 /* AFHttp.swift */,
			);
			path = network;
			sourceTree = "<group>";
		};
		11D23DC528AB676B008E8649 /* screens */ = {
			isa = PBXGroup;
			children = (
				11D23DCA28AB679C008E8649 /* home */,
				11D23DC928AB6795008E8649 /* create */,
				11D23DC828AB678B008E8649 /* edit */,
			);
			path = screens;
			sourceTree = "<group>";
		};
		11D23DC828AB678B008E8649 /* edit */ = {
			isa = PBXGroup;
			children = (
				11D23DCD28AB67C0008E8649 /* EditScreen.swift */,
				11D23DD328AB67FF008E8649 /* EditViewModel.swift */,
			);
			path = edit;
			sourceTree = "<group>";
		};
		11D23DC928AB6795008E8649 /* create */ = {
			isa = PBXGroup;
			children = (
				11D23DD128AB67EE008E8649 /* CreateViewModel.swift */,
				1161347028ACFB8600331AA7 /* CreateScreen.swift */,
			);
			path = create;
			sourceTree = "<group>";
		};
		11D23DCA28AB679C008E8649 /* home */ = {
			isa = PBXGroup;
			children = (
				11D23DC628AB6786008E8649 /* HomeScreen.swift */,
				11D23DCF28AB67E1008E8649 /* HomeViewModel.swift */,
			);
			path = home;
			sourceTree = "<group>";
		};
		11D23DD928ACB878008E8649 /* cell */ = {
			isa = PBXGroup;
			children = (
				11D23DDA28ACB883008E8649 /* PostCell.swift */,
			);
			path = cell;
			sourceTree = "<group>";
		};
		1D80648FBE2BCC01CDFE61F8 /* Frameworks */ = {
			isa = PBXGroup;
			children = (
				8F1DF1DD360CF2A285FB13AF /* Pods_SiftuiMVVM.framework */,
			);
			name = Frameworks;
			sourceTree = "<group>";
		};
/* End PBXGroup section */

/* Begin PBXNativeTarget section */
		11D23DB128AB670B008E8649 /* SiftuiMVVM */ = {
			isa = PBXNativeTarget;
			buildConfigurationList = 11D23DC028AB670D008E8649 /* Build configuration list for PBXNativeTarget "SiftuiMVVM" */;
			buildPhases = (
				0CD25EA7C3016493689F4D2A /* [CP] Check Pods Manifest.lock */,
				11D23DAE28AB670B008E8649 /* Sources */,
				11D23DAF28AB670B008E8649 /* Frameworks */,
				11D23DB028AB670B008E8649 /* Resources */,
				E7453484EA71284903669641 /* [CP] Embed Pods Frameworks */,
			);
			buildRules = (
			);
			dependencies = (
			);
			name = SiftuiMVVM;
			productName = SiftuiMVVM;
			productReference = 11D23DB228AB670B008E8649 /* SiftuiMVVM.app */;
			productType = "com.apple.product-type.application";
		};
/* End PBXNativeTarget section */

/* Begin PBXProject section */
		11D23DAA28AB670B008E8649 /* Project object */ = {
			isa = PBXProject;
			attributes = {
				BuildIndependentTargetsInParallel = 1;
				LastSwiftUpdateCheck = 1340;
				LastUpgradeCheck = 1340;
				TargetAttributes = {
					11D23DB128AB670B008E8649 = {
						CreatedOnToolsVersion = 13.4.1;
					};
				};
			};
			buildConfigurationList = 11D23DAD28AB670B008E8649 /* Build configuration list for PBXProject "SiftuiMVVM" */;
			compatibilityVersion = "Xcode 13.0";
			developmentRegion = en;
			hasScannedForEncodings = 0;
			knownRegions = (
				en,
				Base,
			);
			mainGroup = 11D23DA928AB670B008E8649;
			productRefGroup = 11D23DB328AB670B008E8649 /* Products */;
			projectDirPath = "";
			projectRoot = "";
			targets = (
				11D23DB128AB670B008E8649 /* SiftuiMVVM */,
			);
		};
/* End PBXProject section */

/* Begin PBXResourcesBuildPhase section */
		11D23DB028AB670B008E8649 /* Resources */ = {
			isa = PBXResourcesBuildPhase;
			buildActionMask = 2147483647;
			files = (
				11D23DBD28AB670D008E8649 /* Preview Assets.xcassets in Resources */,
				11D23DBA28AB670D008E8649 /* Assets.xcassets in Resources */,
			);
			runOnlyForDeploymentPostprocessing = 0;
		};
/* End PBXResourcesBuildPhase section */

/* Begin PBXShellScriptBuildPhase section */
		0CD25EA7C3016493689F4D2A /* [CP] Check Pods Manifest.lock */ = {
			isa = PBXShellScriptBuildPhase;
			buildActionMask = 2147483647;
			files = (
			);
			inputFileListPaths = (
			);
			inputPaths = (
				"${PODS_PODFILE_DIR_PATH}/Podfile.lock",
				"${PODS_ROOT}/Manifest.lock",
			);
			name = "[CP] Check Pods Manifest.lock";
			outputFileListPaths = (
			);
			outputPaths = (
				"$(DERIVED_FILE_DIR)/Pods-SiftuiMVVM-checkManifestLockResult.txt",
			);
			runOnlyForDeploymentPostprocessing = 0;
			shellPath = /bin/sh;
			shellScript = "diff \"${PODS_PODFILE_DIR_PATH}/Podfile.lock\" \"${PODS_ROOT}/Manifest.lock\" > /dev/null\nif [ $? != 0 ] ; then\n    # print error to STDERR\n    echo \"error: The sandbox is not in sync with the Podfile.lock. Run 'pod install' or update your CocoaPods installation.\" >&2\n    exit 1\nfi\n# This output is used by Xcode 'outputs' to avoid re-running this script phase.\necho \"SUCCESS\" > \"${SCRIPT_OUTPUT_FILE_0}\"\n";
			showEnvVarsInLog = 0;
		};
		E7453484EA71284903669641 /* [CP] Embed Pods Frameworks */ = {
			isa = PBXShellScriptBuildPhase;
			buildActionMask = 2147483647;
			files = (
			);
			inputFileListPaths = (
				"${PODS_ROOT}/Target Support Files/Pods-SiftuiMVVM/Pods-SiftuiMVVM-frameworks-${CONFIGURATION}-input-files.xcfilelist",
			);
			name = "[CP] Embed Pods Frameworks";
			outputFileListPaths = (
				"${PODS_ROOT}/Target Support Files/Pods-SiftuiMVVM/Pods-SiftuiMVVM-frameworks-${CONFIGURATION}-output-files.xcfilelist",
			);
			runOnlyForDeploymentPostprocessing = 0;
			shellPath = /bin/sh;
			shellScript = "\"${PODS_ROOT}/Target Support Files/Pods-SiftuiMVVM/Pods-SiftuiMVVM-frameworks.sh\"\n";
			showEnvVarsInLog = 0;
		};
/* End PBXShellScriptBuildPhase section */

/* Begin PBXSourcesBuildPhase section */
		11D23DAE28AB670B008E8649 /* Sources */ = {
			isa = PBXSourcesBuildPhase;
			buildActionMask = 2147483647;
			files = (
				11D23DD828AB6828008E8649 /* AFHttp.swift in Sources */,
				11D23DD428AB67FF008E8649 /* EditViewModel.swift in Sources */,
				11D23DD228AB67EE008E8649 /* CreateViewModel.swift in Sources */,
				1161347128ACFB8600331AA7 /* CreateScreen.swift in Sources */,
				11D23DB828AB670B008E8649 /* ContentView.swift in Sources */,
				11D23DD028AB67E1008E8649 /* HomeViewModel.swift in Sources */,
				11D23DB628AB670B008E8649 /* SiftuiMVVMApp.swift in Sources */,
				11D23DD628AB681B008E8649 /* Post.swift in Sources */,
				11D23DDB28ACB883008E8649 /* PostCell.swift in Sources */,
				11D23DCE28AB67C0008E8649 /* EditScreen.swift in Sources */,
				11D23DC728AB6786008E8649 /* HomeScreen.swift in Sources */,
			);
			runOnlyForDeploymentPostprocessing = 0;
		};
/* End PBXSourcesBuildPhase section */

/* Begin XCBuildConfiguration section */
		11D23DBE28AB670D008E8649 /* Debug */ = {
			isa = XCBuildConfiguration;
			buildSettings = {
				ALWAYS_SEARCH_USER_PATHS = NO;
				CLANG_ANALYZER_NONNULL = YES;
				CLANG_ANALYZER_NUMBER_OBJECT_CONVERSION = YES_AGGRESSIVE;
				CLANG_CXX_LANGUAGE_STANDARD = "gnu++17";
				CLANG_ENABLE_MODULES = YES;
				CLANG_ENABLE_OBJC_ARC = YES;
				CLANG_ENABLE_OBJC_WEAK = YES;
				CLANG_WARN_BLOCK_CAPTURE_AUTORELEASING = YES;
				CLANG_WARN_BOOL_CONVERSION = YES;
				CLANG_WARN_COMMA = YES;
				CLANG_WARN_CONSTANT_CONVERSION = YES;
				CLANG_WARN_DEPRECATED_OBJC_IMPLEMENTATIONS = YES;
				CLANG_WARN_DIRECT_OBJC_ISA_USAGE = YES_ERROR;
				CLANG_WARN_DOCUMENTATION_COMMENTS = YES;
				CLANG_WARN_EMPTY_BODY = YES;
				CLANG_WARN_ENUM_CONVERSION = YES;
				CLANG_WARN_INFINITE_RECURSION = YES;
				CLANG_WARN_INT_CONVERSION = YES;
				CLANG_WARN_NON_LITERAL_NULL_CONVERSION = YES;
				CLANG_WARN_OBJC_IMPLICIT_RETAIN_SELF = YES;
				CLANG_WARN_OBJC_LITERAL_CONVERSION = YES;
				CLANG_WARN_OBJC_ROOT_CLASS = YES_ERROR;
				CLANG_WARN_QUOTED_INCLUDE_IN_FRAMEWORK_HEADER = YES;
				CLANG_WARN_RANGE_LOOP_ANALYSIS = YES;
				CLANG_WARN_STRICT_PROTOTYPES = YES;
				CLANG_WARN_SUSPICIOUS_MOVE = YES;
				CLANG_WARN_UNGUARDED_AVAILABILITY = YES_AGGRESSIVE;
				CLANG_WARN_UNREACHABLE_CODE = YES;
				CLANG_WARN__DUPLICATE_METHOD_MATCH = YES;
				COPY_PHASE_STRIP = NO;
				DEBUG_INFORMATION_FORMAT = dwarf;
				ENABLE_STRICT_OBJC_MSGSEND = YES;
				ENABLE_TESTABILITY = YES;
				GCC_C_LANGUAGE_STANDARD = gnu11;
				GCC_DYNAMIC_NO_PIC = NO;
				GCC_NO_COMMON_BLOCKS = YES;
				GCC_OPTIMIZATION_LEVEL = 0;
				GCC_PREPROCESSOR_DEFINITIONS = (
					"DEBUG=1",
					"$(inherited)",
				);
				GCC_WARN_64_TO_32_BIT_CONVERSION = YES;
				GCC_WARN_ABOUT_RETURN_TYPE = YES_ERROR;
				GCC_WARN_UNDECLARED_SELECTOR = YES;
				GCC_WARN_UNINITIALIZED_AUTOS = YES_AGGRESSIVE;
				GCC_WARN_UNUSED_FUNCTION = YES;
				GCC_WARN_UNUSED_VARIABLE = YES;
				IPHONEOS_DEPLOYMENT_TARGET = 15.5;
				MTL_ENABLE_DEBUG_INFO = INCLUDE_SOURCE;
				MTL_FAST_MATH = YES;
				ONLY_ACTIVE_ARCH = YES;
				SDKROOT = iphoneos;
				SWIFT_ACTIVE_COMPILATION_CONDITIONS = DEBUG;
				SWIFT_OPTIMIZATION_LEVEL = "-Onone";
			};
			name = Debug;
		};
		11D23DBF28AB670D008E8649 /* Release */ = {
			isa = XCBuildConfiguration;
			buildSettings = {
				ALWAYS_SEARCH_USER_PATHS = NO;
				CLANG_ANALYZER_NONNULL = YES;
				CLANG_ANALYZER_NUMBER_OBJECT_CONVERSION = YES_AGGRESSIVE;
				CLANG_CXX_LANGUAGE_STANDARD = "gnu++17";
				CLANG_ENABLE_MODULES = YES;
				CLANG_ENABLE_OBJC_ARC = YES;
				CLANG_ENABLE_OBJC_WEAK = YES;
				CLANG_WARN_BLOCK_CAPTURE_AUTORELEASING = YES;
				CLANG_WARN_BOOL_CONVERSION = YES;
				CLANG_WARN_COMMA = YES;
				CLANG_WARN_CONSTANT_CONVERSION = YES;
				CLANG_WARN_DEPRECATED_OBJC_IMPLEMENTATIONS = YES;
				CLANG_WARN_DIRECT_OBJC_ISA_USAGE = YES_ERROR;
				CLANG_WARN_DOCUMENTATION_COMMENTS = YES;
				CLANG_WARN_EMPTY_BODY = YES;
				CLANG_WARN_ENUM_CONVERSION = YES;
				CLANG_WARN_INFINITE_RECURSION = YES;
				CLANG_WARN_INT_CONVERSION = YES;
				CLANG_WARN_NON_LITERAL_NULL_CONVERSION = YES;
				CLANG_WARN_OBJC_IMPLICIT_RETAIN_SELF = YES;
				CLANG_WARN_OBJC_LITERAL_CONVERSION = YES;
				CLANG_WARN_OBJC_ROOT_CLASS = YES_ERROR;
				CLANG_WARN_QUOTED_INCLUDE_IN_FRAMEWORK_HEADER = YES;
				CLANG_WARN_RANGE_LOOP_ANALYSIS = YES;
				CLANG_WARN_STRICT_PROTOTYPES = YES;
				CLANG_WARN_SUSPICIOUS_MOVE = YES;
				CLANG_WARN_UNGUARDED_AVAILABILITY = YES_AGGRESSIVE;
				CLANG_WARN_UNREACHABLE_CODE = YES;
				CLANG_WARN__DUPLICATE_METHOD_MATCH = YES;
				COPY_PHASE_STRIP = NO;
				DEBUG_INFORMATION_FORMAT = "dwarf-with-dsym";
				ENABLE_NS_ASSERTIONS = NO;
				ENABLE_STRICT_OBJC_MSGSEND = YES;
				GCC_C_LANGUAGE_STANDARD = gnu11;
				GCC_NO_COMMON_BLOCKS = YES;
				GCC_WARN_64_TO_32_BIT_CONVERSION = YES;
				GCC_WARN_ABOUT_RETURN_TYPE = YES_ERROR;
				GCC_WARN_UNDECLARED_SELECTOR = YES;
				GCC_WARN_UNINITIALIZED_AUTOS = YES_AGGRESSIVE;
				GCC_WARN_UNUSED_FUNCTION = YES;
				GCC_WARN_UNUSED_VARIABLE = YES;
				IPHONEOS_DEPLOYMENT_TARGET = 15.5;
				MTL_ENABLE_DEBUG_INFO = NO;
				MTL_FAST_MATH = YES;
				SDKROOT = iphoneos;
				SWIFT_COMPILATION_MODE = wholemodule;
				SWIFT_OPTIMIZATION_LEVEL = "-O";
				VALIDATE_PRODUCT = YES;
			};
			name = Release;
		};
		11D23DC128AB670D008E8649 /* Debug */ = {
			isa = XCBuildConfiguration;
			baseConfigurationReference = C1F0B0E0B2BDC6F3DED99F02 /* Pods-SiftuiMVVM.debug.xcconfig */;
			buildSettings = {
				ASSETCATALOG_COMPILER_APPICON_NAME = AppIcon;
				ASSETCATALOG_COMPILER_GLOBAL_ACCENT_COLOR_NAME = AccentColor;
				CODE_SIGN_STYLE = Automatic;
				CURRENT_PROJECT_VERSION = 1;
				DEVELOPMENT_ASSET_PATHS = "\"SiftuiMVVM/Preview Content\"";
				DEVELOPMENT_TEAM = 4HRL3ZA9BV;
				ENABLE_PREVIEWS = YES;
				GENERATE_INFOPLIST_FILE = YES;
				INFOPLIST_KEY_UIApplicationSceneManifest_Generation = YES;
				INFOPLIST_KEY_UIApplicationSupportsIndirectInputEvents = YES;
				INFOPLIST_KEY_UILaunchScreen_Generation = YES;
				INFOPLIST_KEY_UISupportedInterfaceOrientations_iPad = "UIInterfaceOrientationPortrait UIInterfaceOrientationPortraitUpsideDown UIInterfaceOrientationLandscapeLeft UIInterfaceOrientationLandscapeRight";
				INFOPLIST_KEY_UISupportedInterfaceOrientations_iPhone = "UIInterfaceOrientationPortrait UIInterfaceOrientationLandscapeLeft UIInterfaceOrientationLandscapeRight";
				LD_RUNPATH_SEARCH_PATHS = (
					"$(inherited)",
					"@executable_path/Frameworks",
				);
				MARKETING_VERSION = 1.0;
				PRODUCT_BUNDLE_IDENTIFIER = co.abu.SiftuiMVVM;
				PRODUCT_NAME = "$(TARGET_NAME)";
				SWIFT_EMIT_LOC_STRINGS = YES;
				SWIFT_VERSION = 5.0;
				TARGETED_DEVICE_FAMILY = "1,2";
			};
			name = Debug;
		};
		11D23DC228AB670D008E8649 /* Release */ = {
			isa = XCBuildConfiguration;
			baseConfigurationReference = 88ADB3F7046EE5BBE446326D /* Pods-SiftuiMVVM.release.xcconfig */;
			buildSettings = {
				ASSETCATALOG_COMPILER_APPICON_NAME = AppIcon;
				ASSETCATALOG_COMPILER_GLOBAL_ACCENT_COLOR_NAME = AccentColor;
				CODE_SIGN_STYLE = Automatic;
				CURRENT_PROJECT_VERSION = 1;
				DEVELOPMENT_ASSET_PATHS = "\"SiftuiMVVM/Preview Content\"";
				DEVELOPMENT_TEAM = 4HRL3ZA9BV;
				ENABLE_PREVIEWS = YES;
				GENERATE_INFOPLIST_FILE = YES;
				INFOPLIST_KEY_UIApplicationSceneManifest_Generation = YES;
				INFOPLIST_KEY_UIApplicationSupportsIndirectInputEvents = YES;
				INFOPLIST_KEY_UILaunchScreen_Generation = YES;
				INFOPLIST_KEY_UISupportedInterfaceOrientations_iPad = "UIInterfaceOrientationPortrait UIInterfaceOrientationPortraitUpsideDown UIInterfaceOrientationLandscapeLeft UIInterfaceOrientationLandscapeRight";
				INFOPLIST_KEY_UISupportedInterfaceOrientations_iPhone = "UIInterfaceOrientationPortrait UIInterfaceOrientationLandscapeLeft UIInterfaceOrientationLandscapeRight";
				LD_RUNPATH_SEARCH_PATHS = (
					"$(inherited)",
					"@executable_path/Frameworks",
				);
				MARKETING_VERSION = 1.0;
				PRODUCT_BUNDLE_IDENTIFIER = co.abu.SiftuiMVVM;
				PRODUCT_NAME = "$(TARGET_NAME)";
				SWIFT_EMIT_LOC_STRINGS = YES;
				SWIFT_VERSION = 5.0;
				TARGETED_DEVICE_FAMILY = "1,2";
			};
			name = Release;
		};
/* End XCBuildConfiguration section */

/* Begin XCConfigurationList section */
		11D23DAD28AB670B008E8649 /* Build configuration list for PBXProject "SiftuiMVVM" */ = {
			isa = XCConfigurationList;
			buildConfigurations = (
				11D23DBE28AB670D008E8649 /* Debug */,
				11D23DBF28AB670D008E8649 /* Release */,
			);
			defaultConfigurationIsVisible = 0;
			defaultConfigurationName = Release;
		};
		11D23DC028AB670D008E8649 /* Build configuration list for PBXNativeTarget "SiftuiMVVM" */ = {
			isa = XCConfigurationList;
			buildConfigurations = (
				11D23DC128AB670D008E8649 /* Debug */,
				11D23DC228AB670D008E8649 /* Release */,
			);
			defaultConfigurationIsVisible = 0;
			defaultConfigurationName = Release;
		};
/* End XCConfigurationList section */
	};
	rootObject = 11D23DAA28AB670B008E8649 /* Project object */;
}
